
Microsoft Visual Studio Solution File, Format Version 12.00
# Visual Studio Version 17
VisualStudioVersion = 17.9.34607.119
MinimumVisualStudioVersion = 10.0.40219.1
Project("{FAE04EC0-301F-11D3-BF4B-00C04F79EFBC}") = "2.unite uygulama 4", "2.unite uygulama 4\2.unite uygulama 4.csproj", "{808C659E-70BA-499D-9440-B406C35AD406}"
EndProject
Global
	GlobalSection(SolutionConfigurationPlatforms) = preSolution
		Debug|Any CPU = Debug|Any CPU
		Release|Any CPU = Release|Any CPU
	EndGlobalSection
	GlobalSection(ProjectConfigurationPlatforms) = postSolution
		{808C659E-70BA-499D-9440-B406C35AD406}.Debug|Any CPU.ActiveCfg = Debug|Any CPU
		{808C659E-70BA-499D-9440-B406C35AD406}.Debug|Any CPU.Build.0 = Debug|Any CPU
		{808C659E-70BA-499D-9440-B406C35AD406}.Release|Any CPU.ActiveCfg = Release|Any CPU
		{808C659E-70BA-499D-9440-B406C35AD406}.Release|Any CPU.Build.0 = Release|Any CPU
	EndGlobalSection
	GlobalSection(SolutionProperties) = preSolution
		HideSolutionNode = FALSE
	EndGlobalSection
	GlobalSection(ExtensibilityGlobals) = postSolution
		SolutionGuid = {46AC0C5E-1C17-4868-8091-366283F0C162}
	EndGlobalSection
EndGlobal
